
Microsoft Visual Studio Solution File, Format Version 12.00
# Visual Studio Version 17
VisualStudioVersion = 17.3.32804.467
MinimumVisualStudioVersion = 10.0.40219.1
Project("{2150E333-8FDC-42A3-9474-1A3956D46DE8}") = "src", "src", "{87DDB63C-E9EF-4C88-B694-4AE970752FFD}"
EndProject
Project("{2150E333-8FDC-42A3-9474-1A3956D46DE8}") = "Solution Items", "Solution Items", "{12BE6003-C133-4FA4-BD91-24FB68B3445C}"
	ProjectSection(SolutionItems) = preProject
		Solution_Items.txt = Solution_Items.txt
	EndProjectSection
EndProject
Project("{2150E333-8FDC-42A3-9474-1A3956D46DE8}") = "ApiGateways", "ApiGateways", "{9AE7A072-D84A-4E25-9A18-7737F5ED757A}"
EndProject
Project("{2150E333-8FDC-42A3-9474-1A3956D46DE8}") = "BuildingBlocks", "BuildingBlocks", "{F0729AB5-DEB8-4F6B-8177-958EE2D2818C}"
EndProject
Project("{2150E333-8FDC-42A3-9474-1A3956D46DE8}") = "Services", "Services", "{48CBF4A7-060A-45D0-B604-E9E7FA418FEF}"
EndProject
Project("{2150E333-8FDC-42A3-9474-1A3956D46DE8}") = "Clients", "Clients", "{A915D2ED-CF5A-437D-93C8-D29D91C4AB30}"
EndProject
Project("{2150E333-8FDC-42A3-9474-1A3956D46DE8}") = "WebApiGateway", "WebApiGateway", "{682B1631-00EF-438C-B542-88CCA0511A28}"
EndProject
Project("{FAE04EC0-301F-11D3-BF4B-00C04F79EFBC}") = "Web.ApiGateway", "src\ApiGateways\WebApiGateway\Web.ApiGateway\Web.ApiGateway.csproj", "{55505264-8B91-417C-A2C0-2575F57CB4AF}"
EndProject
Project("{2150E333-8FDC-42A3-9474-1A3956D46DE8}") = "EventBus", "EventBus", "{99ED8258-6C70-4F89-88CA-BE76556A3D87}"
EndProject
Project("{FAE04EC0-301F-11D3-BF4B-00C04F79EFBC}") = "EventBus.Base", "src\BuildingBlocks\EventBus\EventBus.Base\EventBus.Base.csproj", "{268DEB2A-FAD6-4525-9B47-5A967AA4813B}"
EndProject
Project("{FAE04EC0-301F-11D3-BF4B-00C04F79EFBC}") = "EventBus.Factory", "src\BuildingBlocks\EventBus\EventBus.Factory\EventBus.Factory.csproj", "{25383F12-D3FE-4393-A49D-2542F90B556D}"
EndProject
Project("{FAE04EC0-301F-11D3-BF4B-00C04F79EFBC}") = "EventBus.AzureServiceBus", "src\BuildingBlocks\EventBus\EventBus.AzureServiceBus\EventBus.AzureServiceBus.csproj", "{DCD79D9A-F837-462C-B6FF-69078EE8BB4E}"
EndProject
Project("{FAE04EC0-301F-11D3-BF4B-00C04F79EFBC}") = "EventBus.RabbitMQ", "src\BuildingBlocks\EventBus\EventBus.RabbitMQ\EventBus.RabbitMQ.csproj", "{5025D7EC-5D5F-43CD-B5DE-DDCAFE97083C}"
EndProject
Project("{2150E333-8FDC-42A3-9474-1A3956D46DE8}") = "BlazorWebApp", "BlazorWebApp", "{65014AAB-29EC-4BC6-B881-1A4E32A85FD5}"
EndProject
Project("{FAE04EC0-301F-11D3-BF4B-00C04F79EFBC}") = "WebApp", "src\Clients\BlazorWebApp\WebApp\WebApp.csproj", "{A013E648-3F76-4BB4-AC4B-32238D0BC424}"
EndProject
Project("{2150E333-8FDC-42A3-9474-1A3956D46DE8}") = "BasketService", "BasketService", "{D9D0915F-8F24-4DC5-ACFC-E864776EB80C}"
EndProject
Project("{FAE04EC0-301F-11D3-BF4B-00C04F79EFBC}") = "BasketService.Api", "src\Services\BasketService\BasketService.Api\BasketService.Api.csproj", "{E6B96171-7D6F-4E17-9E37-1E6B12223A7E}"
EndProject
Project("{2150E333-8FDC-42A3-9474-1A3956D46DE8}") = "CatalogService", "CatalogService", "{1E177EE2-F13C-4BDD-B3AB-F8883CAFB675}"
EndProject
Project("{FAE04EC0-301F-11D3-BF4B-00C04F79EFBC}") = "CatalogService.Api", "src\Services\CatalogService\CatalogService.Api\CatalogService.Api.csproj", "{6BB1C60F-9812-4ABC-A2E1-730990D8D8F0}"
EndProject
Project("{2150E333-8FDC-42A3-9474-1A3956D46DE8}") = "IdentityService", "IdentityService", "{626BCFC5-EB7C-4844-B55F-FB7992E22D23}"
EndProject
Project("{FAE04EC0-301F-11D3-BF4B-00C04F79EFBC}") = "IdentityService.Api", "src\Services\IdentityService\IdentityService.Api\IdentityService.Api.csproj", "{71BA6B0B-AB7A-42DD-B942-84BCF97F4F0F}"
EndProject
Project("{2150E333-8FDC-42A3-9474-1A3956D46DE8}") = "NotificationService", "NotificationService", "{D07ECC14-84D8-4F30-8A33-187A7C5742FA}"
EndProject
Project("{FAE04EC0-301F-11D3-BF4B-00C04F79EFBC}") = "NotificationService", "src\Services\NotificationService\NotificationService\NotificationService.csproj", "{4B57FD22-2405-42A8-88C1-EE2EEBD4A816}"
EndProject
Project("{2150E333-8FDC-42A3-9474-1A3956D46DE8}") = "OrderService", "OrderService", "{4DE7733B-7980-4609-B565-73A01223E045}"
EndProject
Project("{FAE04EC0-301F-11D3-BF4B-00C04F79EFBC}") = "OrderService.Domain", "src\Services\OrderService\OrderService.Domain\OrderService.Domain.csproj", "{174F3D8C-E7CA-4B2E-92C6-3711BB85C5E1}"
EndProject
Project("{FAE04EC0-301F-11D3-BF4B-00C04F79EFBC}") = "OrderService.Application", "src\Services\OrderService\OrderService.Application\OrderService.Application.csproj", "{6761D4C1-C1E7-4E03-AFCA-E807C86C5CFF}"
EndProject
Project("{FAE04EC0-301F-11D3-BF4B-00C04F79EFBC}") = "OrderService.Infrastructiure", "src\Services\OrderService\OrderService.Infrastructiure\OrderService.Infrastructiure.csproj", "{913FDD3B-F9AE-4B75-90A6-1B68206409FA}"
EndProject
Project("{FAE04EC0-301F-11D3-BF4B-00C04F79EFBC}") = "OrderService.Api", "src\Services\OrderService\OrderService.Api\OrderService.Api.csproj", "{4BDBEF8C-6D28-4DB0-B16F-4C799B29E28F}"
EndProject
Project("{2150E333-8FDC-42A3-9474-1A3956D46DE8}") = "PaymentService", "PaymentService", "{093A516B-B3CD-49C1-8BEE-13ACE3265BAB}"
EndProject
Project("{FAE04EC0-301F-11D3-BF4B-00C04F79EFBC}") = "PaymentService.Api", "src\Services\PaymentService\PaymentService.Api\PaymentService.Api.csproj", "{8B833BD4-D365-463C-B2C6-995A3D1008D0}"
EndProject
Global
	GlobalSection(SolutionConfigurationPlatforms) = preSolution
		Debug|Any CPU = Debug|Any CPU
		Release|Any CPU = Release|Any CPU
	EndGlobalSection
	GlobalSection(ProjectConfigurationPlatforms) = postSolution
		{55505264-8B91-417C-A2C0-2575F57CB4AF}.Debug|Any CPU.ActiveCfg = Debug|Any CPU
		{55505264-8B91-417C-A2C0-2575F57CB4AF}.Debug|Any CPU.Build.0 = Debug|Any CPU
		{55505264-8B91-417C-A2C0-2575F57CB4AF}.Release|Any CPU.ActiveCfg = Release|Any CPU
		{55505264-8B91-417C-A2C0-2575F57CB4AF}.Release|Any CPU.Build.0 = Release|Any CPU
		{268DEB2A-FAD6-4525-9B47-5A967AA4813B}.Debug|Any CPU.ActiveCfg = Debug|Any CPU
		{268DEB2A-FAD6-4525-9B47-5A967AA4813B}.Debug|Any CPU.Build.0 = Debug|Any CPU
		{268DEB2A-FAD6-4525-9B47-5A967AA4813B}.Release|Any CPU.ActiveCfg = Release|Any CPU
		{268DEB2A-FAD6-4525-9B47-5A967AA4813B}.Release|Any CPU.Build.0 = Release|Any CPU
		{25383F12-D3FE-4393-A49D-2542F90B556D}.Debug|Any CPU.ActiveCfg = Debug|Any CPU
		{25383F12-D3FE-4393-A49D-2542F90B556D}.Debug|Any CPU.Build.0 = Debug|Any CPU
		{25383F12-D3FE-4393-A49D-2542F90B556D}.Release|Any CPU.ActiveCfg = Release|Any CPU
		{25383F12-D3FE-4393-A49D-2542F90B556D}.Release|Any CPU.Build.0 = Release|Any CPU
		{DCD79D9A-F837-462C-B6FF-69078EE8BB4E}.Debug|Any CPU.ActiveCfg = Debug|Any CPU
		{DCD79D9A-F837-462C-B6FF-69078EE8BB4E}.Debug|Any CPU.Build.0 = Debug|Any CPU
		{DCD79D9A-F837-462C-B6FF-69078EE8BB4E}.Release|Any CPU.ActiveCfg = Release|Any CPU
		{DCD79D9A-F837-462C-B6FF-69078EE8BB4E}.Release|Any CPU.Build.0 = Release|Any CPU
		{5025D7EC-5D5F-43CD-B5DE-DDCAFE97083C}.Debug|Any CPU.ActiveCfg = Debug|Any CPU
		{5025D7EC-5D5F-43CD-B5DE-DDCAFE97083C}.Debug|Any CPU.Build.0 = Debug|Any CPU
		{5025D7EC-5D5F-43CD-B5DE-DDCAFE97083C}.Release|Any CPU.ActiveCfg = Release|Any CPU
		{5025D7EC-5D5F-43CD-B5DE-DDCAFE97083C}.Release|Any CPU.Build.0 = Release|Any CPU
		{A013E648-3F76-4BB4-AC4B-32238D0BC424}.Debug|Any CPU.ActiveCfg = Debug|Any CPU
		{A013E648-3F76-4BB4-AC4B-32238D0BC424}.Debug|Any CPU.Build.0 = Debug|Any CPU
		{A013E648-3F76-4BB4-AC4B-32238D0BC424}.Release|Any CPU.ActiveCfg = Release|Any CPU
		{A013E648-3F76-4BB4-AC4B-32238D0BC424}.Release|Any CPU.Build.0 = Release|Any CPU
		{E6B96171-7D6F-4E17-9E37-1E6B12223A7E}.Debug|Any CPU.ActiveCfg = Debug|Any CPU
		{E6B96171-7D6F-4E17-9E37-1E6B12223A7E}.Debug|Any CPU.Build.0 = Debug|Any CPU
		{E6B96171-7D6F-4E17-9E37-1E6B12223A7E}.Release|Any CPU.ActiveCfg = Release|Any CPU
		{E6B96171-7D6F-4E17-9E37-1E6B12223A7E}.Release|Any CPU.Build.0 = Release|Any CPU
		{6BB1C60F-9812-4ABC-A2E1-730990D8D8F0}.Debug|Any CPU.ActiveCfg = Debug|Any CPU
		{6BB1C60F-9812-4ABC-A2E1-730990D8D8F0}.Debug|Any CPU.Build.0 = Debug|Any CPU
		{6BB1C60F-9812-4ABC-A2E1-730990D8D8F0}.Release|Any CPU.ActiveCfg = Release|Any CPU
		{6BB1C60F-9812-4ABC-A2E1-730990D8D8F0}.Release|Any CPU.Build.0 = Release|Any CPU
		{71BA6B0B-AB7A-42DD-B942-84BCF97F4F0F}.Debug|Any CPU.ActiveCfg = Debug|Any CPU
		{71BA6B0B-AB7A-42DD-B942-84BCF97F4F0F}.Debug|Any CPU.Build.0 = Debug|Any CPU
		{71BA6B0B-AB7A-42DD-B942-84BCF97F4F0F}.Release|Any CPU.ActiveCfg = Release|Any CPU
		{71BA6B0B-AB7A-42DD-B942-84BCF97F4F0F}.Release|Any CPU.Build.0 = Release|Any CPU
		{4B57FD22-2405-42A8-88C1-EE2EEBD4A816}.Debug|Any CPU.ActiveCfg = Debug|Any CPU
		{4B57FD22-2405-42A8-88C1-EE2EEBD4A816}.Debug|Any CPU.Build.0 = Debug|Any CPU
		{4B57FD22-2405-42A8-88C1-EE2EEBD4A816}.Release|Any CPU.ActiveCfg = Release|Any CPU
		{4B57FD22-2405-42A8-88C1-EE2EEBD4A816}.Release|Any CPU.Build.0 = Release|Any CPU
		{174F3D8C-E7CA-4B2E-92C6-3711BB85C5E1}.Debug|Any CPU.ActiveCfg = Debug|Any CPU
		{174F3D8C-E7CA-4B2E-92C6-3711BB85C5E1}.Debug|Any CPU.Build.0 = Debug|Any CPU
		{174F3D8C-E7CA-4B2E-92C6-3711BB85C5E1}.Release|Any CPU.ActiveCfg = Release|Any CPU
		{174F3D8C-E7CA-4B2E-92C6-3711BB85C5E1}.Release|Any CPU.Build.0 = Release|Any CPU
		{6761D4C1-C1E7-4E03-AFCA-E807C86C5CFF}.Debug|Any CPU.ActiveCfg = Debug|Any CPU
		{6761D4C1-C1E7-4E03-AFCA-E807C86C5CFF}.Debug|Any CPU.Build.0 = Debug|Any CPU
		{6761D4C1-C1E7-4E03-AFCA-E807C86C5CFF}.Release|Any CPU.ActiveCfg = Release|Any CPU
		{6761D4C1-C1E7-4E03-AFCA-E807C86C5CFF}.Release|Any CPU.Build.0 = Release|Any CPU
		{913FDD3B-F9AE-4B75-90A6-1B68206409FA}.Debug|Any CPU.ActiveCfg = Debug|Any CPU
		{913FDD3B-F9AE-4B75-90A6-1B68206409FA}.Debug|Any CPU.Build.0 = Debug|Any CPU
		{913FDD3B-F9AE-4B75-90A6-1B68206409FA}.Release|Any CPU.ActiveCfg = Release|Any CPU
		{913FDD3B-F9AE-4B75-90A6-1B68206409FA}.Release|Any CPU.Build.0 = Release|Any CPU
		{4BDBEF8C-6D28-4DB0-B16F-4C799B29E28F}.Debug|Any CPU.ActiveCfg = Debug|Any CPU
		{4BDBEF8C-6D28-4DB0-B16F-4C799B29E28F}.Debug|Any CPU.Build.0 = Debug|Any CPU
		{4BDBEF8C-6D28-4DB0-B16F-4C799B29E28F}.Release|Any CPU.ActiveCfg = Release|Any CPU
		{4BDBEF8C-6D28-4DB0-B16F-4C799B29E28F}.Release|Any CPU.Build.0 = Release|Any CPU
		{8B833BD4-D365-463C-B2C6-995A3D1008D0}.Debug|Any CPU.ActiveCfg = Debug|Any CPU
		{8B833BD4-D365-463C-B2C6-995A3D1008D0}.Debug|Any CPU.Build.0 = Debug|Any CPU
		{8B833BD4-D365-463C-B2C6-995A3D1008D0}.Release|Any CPU.ActiveCfg = Release|Any CPU
		{8B833BD4-D365-463C-B2C6-995A3D1008D0}.Release|Any CPU.Build.0 = Release|Any CPU
	EndGlobalSection
	GlobalSection(SolutionProperties) = preSolution
		HideSolutionNode = FALSE
	EndGlobalSection
	GlobalSection(NestedProjects) = preSolution
		{9AE7A072-D84A-4E25-9A18-7737F5ED757A} = {87DDB63C-E9EF-4C88-B694-4AE970752FFD}
		{F0729AB5-DEB8-4F6B-8177-958EE2D2818C} = {87DDB63C-E9EF-4C88-B694-4AE970752FFD}
		{48CBF4A7-060A-45D0-B604-E9E7FA418FEF} = {87DDB63C-E9EF-4C88-B694-4AE970752FFD}
		{A915D2ED-CF5A-437D-93C8-D29D91C4AB30} = {87DDB63C-E9EF-4C88-B694-4AE970752FFD}
		{682B1631-00EF-438C-B542-88CCA0511A28} = {9AE7A072-D84A-4E25-9A18-7737F5ED757A}
		{55505264-8B91-417C-A2C0-2575F57CB4AF} = {682B1631-00EF-438C-B542-88CCA0511A28}
		{99ED8258-6C70-4F89-88CA-BE76556A3D87} = {F0729AB5-DEB8-4F6B-8177-958EE2D2818C}
		{268DEB2A-FAD6-4525-9B47-5A967AA4813B} = {99ED8258-6C70-4F89-88CA-BE76556A3D87}
		{25383F12-D3FE-4393-A49D-2542F90B556D} = {99ED8258-6C70-4F89-88CA-BE76556A3D87}
		{DCD79D9A-F837-462C-B6FF-69078EE8BB4E} = {99ED8258-6C70-4F89-88CA-BE76556A3D87}
		{5025D7EC-5D5F-43CD-B5DE-DDCAFE97083C} = {99ED8258-6C70-4F89-88CA-BE76556A3D87}
		{65014AAB-29EC-4BC6-B881-1A4E32A85FD5} = {A915D2ED-CF5A-437D-93C8-D29D91C4AB30}
		{A013E648-3F76-4BB4-AC4B-32238D0BC424} = {65014AAB-29EC-4BC6-B881-1A4E32A85FD5}
		{D9D0915F-8F24-4DC5-ACFC-E864776EB80C} = {48CBF4A7-060A-45D0-B604-E9E7FA418FEF}
		{E6B96171-7D6F-4E17-9E37-1E6B12223A7E} = {D9D0915F-8F24-4DC5-ACFC-E864776EB80C}
		{1E177EE2-F13C-4BDD-B3AB-F8883CAFB675} = {48CBF4A7-060A-45D0-B604-E9E7FA418FEF}
		{6BB1C60F-9812-4ABC-A2E1-730990D8D8F0} = {1E177EE2-F13C-4BDD-B3AB-F8883CAFB675}
		{626BCFC5-EB7C-4844-B55F-FB7992E22D23} = {48CBF4A7-060A-45D0-B604-E9E7FA418FEF}
		{71BA6B0B-AB7A-42DD-B942-84BCF97F4F0F} = {626BCFC5-EB7C-4844-B55F-FB7992E22D23}
		{D07ECC14-84D8-4F30-8A33-187A7C5742FA} = {48CBF4A7-060A-45D0-B604-E9E7FA418FEF}
		{4B57FD22-2405-42A8-88C1-EE2EEBD4A816} = {D07ECC14-84D8-4F30-8A33-187A7C5742FA}
		{4DE7733B-7980-4609-B565-73A01223E045} = {48CBF4A7-060A-45D0-B604-E9E7FA418FEF}
		{174F3D8C-E7CA-4B2E-92C6-3711BB85C5E1} = {4DE7733B-7980-4609-B565-73A01223E045}
		{6761D4C1-C1E7-4E03-AFCA-E807C86C5CFF} = {4DE7733B-7980-4609-B565-73A01223E045}
		{913FDD3B-F9AE-4B75-90A6-1B68206409FA} = {4DE7733B-7980-4609-B565-73A01223E045}
		{4BDBEF8C-6D28-4DB0-B16F-4C799B29E28F} = {4DE7733B-7980-4609-B565-73A01223E045}
		{093A516B-B3CD-49C1-8BEE-13ACE3265BAB} = {48CBF4A7-060A-45D0-B604-E9E7FA418FEF}
		{8B833BD4-D365-463C-B2C6-995A3D1008D0} = {093A516B-B3CD-49C1-8BEE-13ACE3265BAB}
	EndGlobalSection
	GlobalSection(ExtensibilityGlobals) = postSolution
		SolutionGuid = {049D25DF-AD8D-4C3B-BC1B-A1BCA5A0E4D4}
	EndGlobalSection
EndGlobal
